
Microsoft Visual Studio Solution File, Format Version 12.00
# Visual Studio Version 16
VisualStudioVersion = 16.0.31019.35
MinimumVisualStudioVersion = 10.0.40219.1
Project("{8BC9CEB8-8B4A-11D0-8D11-00A0C91BC942}") = "cmilan-modified", "cmilan-modified.vcxproj", "{C43DAEDC-A4A3-439F-A1F9-078070E9DD73}"
EndProject
Global
	GlobalSection(SolutionConfigurationPlatforms) = preSolution
		Debug|x64 = Debug|x64
		Debug|x86 = Debug|x86
		Release|x64 = Release|x64
		Release|x86 = Release|x86
	EndGlobalSection
	GlobalSection(ProjectConfigurationPlatforms) = postSolution
		{C43DAEDC-A4A3-439F-A1F9-078070E9DD73}.Debug|x64.ActiveCfg = Debug|x64
		{C43DAEDC-A4A3-439F-A1F9-078070E9DD73}.Debug|x64.Build.0 = Debug|x64
		{C43DAEDC-A4A3-439F-A1F9-078070E9DD73}.Debug|x86.ActiveCfg = Debug|Win32
		{C43DAEDC-A4A3-439F-A1F9-078070E9DD73}.Debug|x86.Build.0 = Debug|Win32
		{C43DAEDC-A4A3-439F-A1F9-078070E9DD73}.Release|x64.ActiveCfg = Release|x64
		{C43DAEDC-A4A3-439F-A1F9-078070E9DD73}.Release|x64.Build.0 = Release|x64
		{C43DAEDC-A4A3-439F-A1F9-078070E9DD73}.Release|x86.ActiveCfg = Release|Win32
		{C43DAEDC-A4A3-439F-A1F9-078070E9DD73}.Release|x86.Build.0 = Release|Win32
	EndGlobalSection
	GlobalSection(SolutionProperties) = preSolution
		HideSolutionNode = FALSE
	EndGlobalSection
	GlobalSection(ExtensibilityGlobals) = postSolution
		SolutionGuid = {D61E00B4-0DB2-4166-977D-D0F73233A4C6}
	EndGlobalSection
EndGlobal
